
Microsoft Visual Studio Solution File, Format Version 12.00
# Visual Studio 2017
Project("{FAE04EC0-301F-11D3-BF4B-00C04F79EFBC}") = "FSIndexer", "FSIndexer\FSIndexer.csproj", "{0EC50E86-014C-47C4-B674-A77FD21AC3D8}"
EndProject
Project("{FAE04EC0-301F-11D3-BF4B-00C04F79EFBC}") = "ConsoleInputReader", "ConsoleInputReader\ConsoleInputReader.csproj", "{5DF60F2E-5992-40FB-A835-F69871E18C76}"
EndProject
Global
	GlobalSection(SolutionConfigurationPlatforms) = preSolution
		Debug|Any CPU = Debug|Any CPU
		Release|Any CPU = Release|Any CPU
	EndGlobalSection
	GlobalSection(ProjectConfigurationPlatforms) = postSolution
		{0EC50E86-014C-47C4-B674-A77FD21AC3D8}.Debug|Any CPU.ActiveCfg = Debug|Any CPU
		{0EC50E86-014C-47C4-B674-A77FD21AC3D8}.Debug|Any CPU.Build.0 = Debug|Any CPU
		{0EC50E86-014C-47C4-B674-A77FD21AC3D8}.Release|Any CPU.ActiveCfg = Release|Any CPU
		{0EC50E86-014C-47C4-B674-A77FD21AC3D8}.Release|Any CPU.Build.0 = Release|Any CPU
		{5DF60F2E-5992-40FB-A835-F69871E18C76}.Debug|Any CPU.ActiveCfg = Debug|Any CPU
		{5DF60F2E-5992-40FB-A835-F69871E18C76}.Debug|Any CPU.Build.0 = Debug|Any CPU
		{5DF60F2E-5992-40FB-A835-F69871E18C76}.Release|Any CPU.ActiveCfg = Release|Any CPU
		{5DF60F2E-5992-40FB-A835-F69871E18C76}.Release|Any CPU.Build.0 = Release|Any CPU
	EndGlobalSection
	GlobalSection(SolutionProperties) = preSolution
		HideSolutionNode = FALSE
	EndGlobalSection
EndGlobal
